
Microsoft Visual Studio Solution File, Format Version 12.00
# Visual Studio 14
VisualStudioVersion = 14.0.22609.0
MinimumVisualStudioVersion = 10.0.40219.1
Project("{2150E333-8FDC-42A3-9474-1A3956D46DE8}") = "src", "src", "{0AF1775B-8D46-4F52-B7DD-71992A0EFB65}"
EndProject
Project("{8BB2217D-0F2D-49D1-97BC-3654ED321F3B}") = "NWkHtmlToX", "src\NWkHtmlToX\NWkHtmlToX.kproj", "{5E4FD7F2-4CA8-43F7-B9BC-7AF8A4D0D7F7}"
EndProject
Project("{2150E333-8FDC-42A3-9474-1A3956D46DE8}") = "Solution Items", "Solution Items", "{903BF762-0F1F-46A0-9D23-8A5C1EAD5E9C}"
	ProjectSection(SolutionItems) = preProject
		global.json = global.json
	EndProjectSection
	ProjectSection(FolderGlobals) = preProject
		global_1json__JSONSchema = http://json.schemastore.org/global
	EndProjectSection
EndProject
Project("{2150E333-8FDC-42A3-9474-1A3956D46DE8}") = "test", "test", "{C188AE4A-2EE1-48BF-97DF-DA87A6E9F11E}"
EndProject
Project("{8BB2217D-0F2D-49D1-97BC-3654ED321F3B}") = "NWkHtmlToX.Tests", "test\NWkHtmlToX.Tests\NWkHtmlToX.Tests.kproj", "{B80ACD18-FDA1-46AC-9A0F-8EEA2A630F36}"
EndProject
Project("{8BB2217D-0F2D-49D1-97BC-3654ED321F3B}") = "NWkHtmlToX.Core", "src\NWkHtmlToX.Core\NWkHtmlToX.Core.kproj", "{6ADC48A5-B4A9-40B9-89DD-D126EDFA20F0}"
EndProject
Project("{8BB2217D-0F2D-49D1-97BC-3654ED321F3B}") = "NWkHtmlToX.Core.Tests", "test\NWkHtmlToX.Core.Tests\NWkHtmlToX.Core.Tests.kproj", "{C8A2BE6D-EA57-472E-8EDA-AFAE44E07643}"
EndProject
Project("{8BB2217D-0F2D-49D1-97BC-3654ED321F3B}") = "NWkHtmlToX.Common", "src\NWkHtmlToX.Common\NWkHtmlToX.Common.kproj", "{2320FCC1-7BB5-4C40-8232-1036C42B9C32}"
EndProject
Project("{8BB2217D-0F2D-49D1-97BC-3654ED321F3B}") = "NWkHtmlToX.Common.Tests", "test\NWkHtmlToX.Common.Tests\NWkHtmlToX.Common.Tests.kproj", "{9A28B3A9-9FA6-4D04-8E12-0259E8387E04}"
EndProject
Global
	GlobalSection(SolutionConfigurationPlatforms) = preSolution
		Debug|Any CPU = Debug|Any CPU
		Release|Any CPU = Release|Any CPU
	EndGlobalSection
	GlobalSection(ProjectConfigurationPlatforms) = postSolution
		{5E4FD7F2-4CA8-43F7-B9BC-7AF8A4D0D7F7}.Debug|Any CPU.ActiveCfg = Debug|Any CPU
		{5E4FD7F2-4CA8-43F7-B9BC-7AF8A4D0D7F7}.Debug|Any CPU.Build.0 = Debug|Any CPU
		{5E4FD7F2-4CA8-43F7-B9BC-7AF8A4D0D7F7}.Release|Any CPU.ActiveCfg = Release|Any CPU
		{5E4FD7F2-4CA8-43F7-B9BC-7AF8A4D0D7F7}.Release|Any CPU.Build.0 = Release|Any CPU
		{B80ACD18-FDA1-46AC-9A0F-8EEA2A630F36}.Debug|Any CPU.ActiveCfg = Debug|Any CPU
		{B80ACD18-FDA1-46AC-9A0F-8EEA2A630F36}.Debug|Any CPU.Build.0 = Debug|Any CPU
		{B80ACD18-FDA1-46AC-9A0F-8EEA2A630F36}.Release|Any CPU.ActiveCfg = Release|Any CPU
		{B80ACD18-FDA1-46AC-9A0F-8EEA2A630F36}.Release|Any CPU.Build.0 = Release|Any CPU
		{6ADC48A5-B4A9-40B9-89DD-D126EDFA20F0}.Debug|Any CPU.ActiveCfg = Debug|Any CPU
		{6ADC48A5-B4A9-40B9-89DD-D126EDFA20F0}.Debug|Any CPU.Build.0 = Debug|Any CPU
		{6ADC48A5-B4A9-40B9-89DD-D126EDFA20F0}.Release|Any CPU.ActiveCfg = Release|Any CPU
		{6ADC48A5-B4A9-40B9-89DD-D126EDFA20F0}.Release|Any CPU.Build.0 = Release|Any CPU
		{C8A2BE6D-EA57-472E-8EDA-AFAE44E07643}.Debug|Any CPU.ActiveCfg = Debug|Any CPU
		{C8A2BE6D-EA57-472E-8EDA-AFAE44E07643}.Debug|Any CPU.Build.0 = Debug|Any CPU
		{C8A2BE6D-EA57-472E-8EDA-AFAE44E07643}.Release|Any CPU.ActiveCfg = Release|Any CPU
		{C8A2BE6D-EA57-472E-8EDA-AFAE44E07643}.Release|Any CPU.Build.0 = Release|Any CPU
		{2320FCC1-7BB5-4C40-8232-1036C42B9C32}.Debug|Any CPU.ActiveCfg = Debug|Any CPU
		{2320FCC1-7BB5-4C40-8232-1036C42B9C32}.Debug|Any CPU.Build.0 = Debug|Any CPU
		{2320FCC1-7BB5-4C40-8232-1036C42B9C32}.Release|Any CPU.ActiveCfg = Release|Any CPU
		{2320FCC1-7BB5-4C40-8232-1036C42B9C32}.Release|Any CPU.Build.0 = Release|Any CPU
		{9A28B3A9-9FA6-4D04-8E12-0259E8387E04}.Debug|Any CPU.ActiveCfg = Debug|Any CPU
		{9A28B3A9-9FA6-4D04-8E12-0259E8387E04}.Debug|Any CPU.Build.0 = Debug|Any CPU
		{9A28B3A9-9FA6-4D04-8E12-0259E8387E04}.Release|Any CPU.ActiveCfg = Release|Any CPU
		{9A28B3A9-9FA6-4D04-8E12-0259E8387E04}.Release|Any CPU.Build.0 = Release|Any CPU
	EndGlobalSection
	GlobalSection(SolutionProperties) = preSolution
		HideSolutionNode = FALSE
	EndGlobalSection
	GlobalSection(NestedProjects) = preSolution
		{5E4FD7F2-4CA8-43F7-B9BC-7AF8A4D0D7F7} = {0AF1775B-8D46-4F52-B7DD-71992A0EFB65}
		{B80ACD18-FDA1-46AC-9A0F-8EEA2A630F36} = {C188AE4A-2EE1-48BF-97DF-DA87A6E9F11E}
		{6ADC48A5-B4A9-40B9-89DD-D126EDFA20F0} = {0AF1775B-8D46-4F52-B7DD-71992A0EFB65}
		{C8A2BE6D-EA57-472E-8EDA-AFAE44E07643} = {C188AE4A-2EE1-48BF-97DF-DA87A6E9F11E}
		{2320FCC1-7BB5-4C40-8232-1036C42B9C32} = {0AF1775B-8D46-4F52-B7DD-71992A0EFB65}
		{9A28B3A9-9FA6-4D04-8E12-0259E8387E04} = {C188AE4A-2EE1-48BF-97DF-DA87A6E9F11E}
	EndGlobalSection
EndGlobal
